{
    "_readme": [
        "This file locks the dependencies of your project to a known state",
        "Read more about it at https://getcomposer.org/doc/01-basic-usage.md#installing-dependencies",
        "This file is @generated automatically"
    ],
    "content-hash": "bec4ae73323805c444ec176960416e78",
    "packages": [],
    "packages-dev": [
        {
            "name": "dealerdirect/phpcodesniffer-composer-installer",
            "version": "v0.6.2",
            "source": {
                "type": "git",
                "url": "https://github.com/Dealerdirect/phpcodesniffer-composer-installer.git",
                "reference": "8001af8eb107fbfcedc31a8b51e20b07d85b457a"
            },
            "dist": {
                "type": "zip",
                "url": "https://api.github.com/repos/Dealerdirect/phpcodesniffer-composer-installer/zipball/8001af8eb107fbfcedc31a8b51e20b07d85b457a",
                "reference": "8001af8eb107fbfcedc31a8b51e20b07d85b457a",
                "shasum": ""
            },
            "require": {
                "composer-plugin-api": "^1.0",
                "php": "^5.3|^7",
                "squizlabs/php_codesniffer": "^2|^3"
            },
            "require-dev": {
                "composer/composer": "*",
                "phpcompatibility/php-compatibility": "^9.0",
                "sensiolabs/security-checker": "^4.1.0"
            },
            "type": "composer-plugin",
            "extra": {
                "class": "Dealerdirect\\Composer\\Plugin\\Installers\\PHPCodeSniffer\\Plugin"
            },
            "autoload": {
                "psr-4": {
                    "Dealerdirect\\Composer\\Plugin\\Installers\\PHPCodeSniffer\\": "src/"
                }
            },
            "notification-url": "https://packagist.org/downloads/",
            "license": [
                "MIT"
            ],
            "authors": [
                {
                    "name": "Franck Nijhof",
                    "email": "franck.nijhof@dealerdirect.com",
                    "homepage": "http://www.frenck.nl",
                    "role": "Developer / IT Manager"
                }
            ],
            "description": "PHP_CodeSniffer Standards Composer Installer Plugin",
            "homepage": "http://www.dealerdirect.com",
            "keywords": [
                "PHPCodeSniffer",
                "PHP_CodeSniffer",
                "code quality",
                "codesniffer",
                "composer",
                "installer",
                "phpcs",
                "plugin",
                "qa",
                "quality",
                "standard",
                "standards",
                "style guide",
                "stylecheck",
                "tests"
            ],
            "time": "2020-01-29T20:22:20+00:00"
        },
        {
            "name": "gamajo/template-loader",
            "version": "1.3.1",
            "source": {
                "type": "git",
                "url": "https://github.com/GaryJones/Gamajo-Template-Loader.git",
                "reference": "fa92a37b780d945463f7fea328dce14933558752"
            },
            "dist": {
                "type": "zip",
                "url": "https://api.github.com/repos/GaryJones/Gamajo-Template-Loader/zipball/fa92a37b780d945463f7fea328dce14933558752",
                "reference": "fa92a37b780d945463f7fea328dce14933558752",
                "shasum": ""
            },
            "require": {
                "php": ">=5.2.4"
            },
            "require-dev": {
                "dealerdirect/phpcodesniffer-composer-installer": "^0.4.4",
                "php": ">=7.1",
                "phpcompatibility/phpcompatibility-wp": "^1",
                "roave/security-advisories": "dev-master",
                "squizlabs/php_codesniffer": "^3.3",
                "wp-coding-standards/wpcs": "^1"
            },
            "suggest": {
                "coenjacobs/mozart": "Easily wrap this library with your own prefix, to prevent collisions when multiple plugins use this library"
            },
            "type": "library",
            "autoload": {
                "classmap": [
                    "class-gamajo-template-loader.php"
                ]
            },
            "notification-url": "https://packagist.org/downloads/",
            "license": [
                "GPL-2.0-or-later"
            ],
            "authors": [
                {
                    "name": "Gary Jones",
                    "homepage": "https://gamajo.com",
                    "role": "Developer"
                }
            ],
            "description": "A class for your WordPress plugin, to allow loading template parts with fallback through the child theme > parent theme > plugin",
            "homepage": "https://github.com/GaryJones/Gamajo-Template-Loader",
            "keywords": [
                "templates",
                "wordpress"
            ],
            "time": "2018-09-24T10:23:49+00:00"
        },
        {
            "name": "isaac/php-code-sniffer-standard",
            "version": "v18.1.0",
            "source": {
                "type": "git",
                "url": "https://github.com/isaaceindhoven/php-code-sniffer-standard.git",
                "reference": "d14112ff35b45fae956113d8a2d42d1fce54bc6b"
            },
            "dist": {
                "type": "zip",
                "url": "https://api.github.com/repos/isaaceindhoven/php-code-sniffer-standard/zipball/d14112ff35b45fae956113d8a2d42d1fce54bc6b",
                "reference": "d14112ff35b45fae956113d8a2d42d1fce54bc6b",
                "shasum": ""
            },
            "require": {
                "dealerdirect/phpcodesniffer-composer-installer": "^0.6",
                "object-calisthenics/phpcs-calisthenics-rules": "^3.5",
                "php": "~7.2.0 || ~7.3.0 || ~7.4.0",
                "phpcompatibility/php-compatibility": "^9.3",
                "slevomat/coding-standard": "^6.0",
                "squizlabs/php_codesniffer": "^3.5.0"
            },
            "conflict": {
                "isaac/php-code-sniffer": "*"
            },
            "require-dev": {
                "phpstan/extension-installer": "^1.0",
                "phpstan/phpstan": "^0.12.5",
                "phpstan/phpstan-strict-rules": "^0.12.1",
                "phpunit/phpunit": "^8.5"
            },
            "type": "phpcodesniffer-standard",
            "autoload": {
                "psr-4": {
                    "IsaacCodingStandard\\": "src/"
                }
            },
            "notification-url": "https://packagist.org/downloads/",
            "license": [
                "proprietary"
            ],
            "description": "ISAAC PHP_CodeSniffer Standard",
            "time": "2020-08-11T15:04:22+00:00"
        },
        {
            "name": "nette/utils",
            "version": "v3.2.9",
            "source": {
                "type": "git",
                "url": "https://github.com/nette/utils.git",
                "reference": "c91bac3470c34b2ecd5400f6e6fdf0b64a836a5c"
            },
            "dist": {
                "type": "zip",
                "url": "https://api.github.com/repos/nette/utils/zipball/c91bac3470c34b2ecd5400f6e6fdf0b64a836a5c",
                "reference": "c91bac3470c34b2ecd5400f6e6fdf0b64a836a5c",
                "shasum": ""
            },
            "require": {
                "php": ">=7.2 <8.3"
            },
            "conflict": {
                "nette/di": "<3.0.6"
            },
            "require-dev": {
                "jetbrains/phpstorm-attributes": "dev-master",
                "nette/tester": "~2.0",
                "phpstan/phpstan": "^1.0",
                "tracy/tracy": "^2.3"
            },
            "suggest": {
                "ext-gd": "to use Image",
                "ext-iconv": "to use Strings::webalize(), toAscii(), chr() and reverse()",
                "ext-intl": "to use Strings::webalize(), toAscii(), normalize() and compare()",
                "ext-json": "to use Nette\\Utils\\Json",
                "ext-mbstring": "to use Strings::lower() etc...",
                "ext-tokenizer": "to use Nette\\Utils\\Reflection::getUseStatements()",
                "ext-xml": "to use Strings::length() etc. when mbstring is not available"
            },
            "type": "library",
            "extra": {
                "branch-alias": {
                    "dev-master": "3.2-dev"
                }
            },
            "autoload": {
                "classmap": [
                    "src/"
                ]
            },
            "notification-url": "https://packagist.org/downloads/",
            "license": [
                "BSD-3-Clause",
                "GPL-2.0-only",
                "GPL-3.0-only"
            ],
            "authors": [
                {
                    "name": "David Grudl",
                    "homepage": "https://davidgrudl.com"
                },
                {
                    "name": "Nette Community",
                    "homepage": "https://nette.org/contributors"
                }
            ],
            "description": "🛠  Nette Utils: lightweight utilities for string & array manipulation, image handling, safe JSON encoding/decoding, validation, slug or strong password generating etc.",
            "homepage": "https://nette.org",
            "keywords": [
                "array",
                "core",
                "datetime",
                "images",
                "json",
                "nette",
                "paginator",
                "password",
                "slugify",
                "string",
                "unicode",
                "utf-8",
                "utility",
                "validation"
            ],
            "time": "2023-01-18T03:26:20+00:00"
        },
        {
            "name": "object-calisthenics/phpcs-calisthenics-rules",
            "version": "v3.9.1",
            "source": {
                "type": "git",
                "url": "https://github.com/object-calisthenics/phpcs-calisthenics-rules.git",
                "reference": "6a4e66767138763839370273b47f1f9da6e0ee5a"
            },
            "dist": {
                "type": "zip",
                "url": "https://api.github.com/repos/object-calisthenics/phpcs-calisthenics-rules/zipball/6a4e66767138763839370273b47f1f9da6e0ee5a",
                "reference": "6a4e66767138763839370273b47f1f9da6e0ee5a",
                "shasum": ""
            },
            "require": {
                "nette/utils": "^3.1",
                "php": "^7.4|^8.0",
                "slevomat/coding-standard": "^6.3",
                "squizlabs/php_codesniffer": "^3.5"
            },
            "require-dev": {
                "migrify/config-transformer": "^0.3.35",
                "phpstan/phpdoc-parser": "^0.4.9",
                "phpstan/phpstan": "^0.12.38",
                "phpunit/phpunit": "^9.3",
                "rector/rector": "^0.8.6",
                "symplify/changelog-linker": "^8.2",
                "symplify/coding-standard": "^8.2",
                "symplify/easy-coding-standard-tester": "^8.2",
                "symplify/phpstan-extensions": "^8.2",
                "tracy/tracy": "^2.7"
            },
            "type": "phpcodesniffer-standard",
            "autoload": {
                "psr-4": {
                    "ObjectCalisthenics\\": "src/ObjectCalisthenics"
                }
            },
            "notification-url": "https://packagist.org/downloads/",
            "license": [
                "MIT"
            ],
            "description": "PHP CodeSniffer Object Calisthenics rules/sniffs",
            "abandoned": "symplify/phpstan-rules",
            "time": "2020-09-08T10:18:44+00:00"
        },
        {
            "name": "phpcompatibility/php-compatibility",
            "version": "dev-develop",
            "source": {
                "type": "git",
                "url": "https://github.com/PHPCompatibility/PHPCompatibility.git",
                "reference": "3a363ebda5075161128619d4c84a1f8ab3e37680"
            },
            "dist": {
                "type": "zip",
                "url": "https://api.github.com/repos/PHPCompatibility/PHPCompatibility/zipball/3a363ebda5075161128619d4c84a1f8ab3e37680",
                "reference": "3a363ebda5075161128619d4c84a1f8ab3e37680",
                "shasum": ""
            },
            "require": {
                "php": ">=5.4",
                "phpcsstandards/phpcsutils": "^1.0.5",
                "squizlabs/php_codesniffer": "^3.7.1"
            },
            "replace": {
                "wimg/php-compatibility": "*"
            },
            "require-dev": {
                "php-parallel-lint/php-console-highlighter": "^1.0.0",
                "php-parallel-lint/php-parallel-lint": "^1.3.2",
                "phpcsstandards/phpcsdevcs": "^1.1.3",
                "phpcsstandards/phpcsdevtools": "^1.2.0",
                "phpunit/phpunit": "^4.8.36 || ^5.7.21 || ^6.0 || ^7.0 || ^8.0 || ^9.3.4 || ^10.1.0",
                "yoast/phpunit-polyfills": "^1.0.5 || ^2.0.0"
            },
            "suggest": {
                "roave/security-advisories": "dev-master || Helps prevent installing dependencies with known security issues."
            },
            "type": "phpcodesniffer-standard",
            "extra": {
                "branch-alias": {
                    "dev-master": "9.x-dev",
                    "dev-develop": "10.x-dev"
                }
            },
            "notification-url": "https://packagist.org/downloads/",
            "license": [
                "LGPL-3.0-or-later"
            ],
            "authors": [
                {
                    "name": "Wim Godden",
                    "homepage": "https://github.com/wimg",
                    "role": "lead"
                },
                {
                    "name": "Juliette Reinders Folmer",
                    "homepage": "https://github.com/jrfnl",
                    "role": "lead"
                },
                {
                    "name": "Contributors",
                    "homepage": "https://github.com/PHPCompatibility/PHPCompatibility/graphs/contributors"
                }
            ],
            "description": "A set of sniffs for PHP_CodeSniffer that checks for PHP cross-version compatibility.",
            "homepage": "http://techblog.wimgodden.be/tag/codesniffer/",
            "keywords": [
                "compatibility",
                "phpcs",
                "standards",
                "static analysis"
            ],
            "time": "2023-06-26T10:52:01+00:00"
        },
        {
            "name": "phpcsstandards/phpcsutils",
            "version": "1.0.6",
            "source": {
                "type": "git",
                "url": "https://github.com/PHPCSStandards/PHPCSUtils.git",
                "reference": "ba259eaaefac118648e1263919b9530667ffcf01"
            },
            "dist": {
                "type": "zip",
                "url": "https://api.github.com/repos/PHPCSStandards/PHPCSUtils/zipball/ba259eaaefac118648e1263919b9530667ffcf01",
                "reference": "ba259eaaefac118648e1263919b9530667ffcf01",
                "shasum": ""
            },
            "require": {
                "dealerdirect/phpcodesniffer-composer-installer": "^0.4.1 || ^0.5 || ^0.6.2 || ^0.7 || ^1.0",
                "php": ">=5.4",
                "squizlabs/php_codesniffer": "^3.7.1 || 4.0.x-dev@dev"
            },
            "require-dev": {
                "ext-filter": "*",
                "php-parallel-lint/php-console-highlighter": "^1.0",
                "php-parallel-lint/php-parallel-lint": "^1.3.2",
                "phpcsstandards/phpcsdevcs": "^1.1.6",
                "yoast/phpunit-polyfills": "^1.0.5"
            },
            "type": "phpcodesniffer-standard",
            "extra": {
                "branch-alias": {
                    "dev-stable": "1.x-dev",
                    "dev-develop": "1.x-dev"
                }
            },
            "autoload": {
                "classmap": [
                    "PHPCSUtils/"
                ]
            },
            "notification-url": "https://packagist.org/downloads/",
            "license": [
                "LGPL-3.0-or-later"
            ],
            "authors": [
                {
                    "name": "Juliette Reinders Folmer",
                    "homepage": "https://github.com/jrfnl",
                    "role": "lead"
                },
                {
                    "name": "Contributors",
                    "homepage": "https://github.com/PHPCSStandards/PHPCSUtils/graphs/contributors"
                }
            ],
            "description": "A suite of utility functions for use with PHP_CodeSniffer",
            "homepage": "https://phpcsutils.com/",
            "keywords": [
                "PHP_CodeSniffer",
                "phpcbf",
                "phpcodesniffer-standard",
                "phpcs",
                "phpcs3",
                "standards",
                "static analysis",
                "tokens",
                "utility"
            ],
            "time": "2023-05-27T13:39:12+00:00"
        },
        {
            "name": "phpstan/phpdoc-parser",
            "version": "0.4.9",
            "source": {
                "type": "git",
                "url": "https://github.com/phpstan/phpdoc-parser.git",
                "reference": "98a088b17966bdf6ee25c8a4b634df313d8aa531"
            },
            "dist": {
                "type": "zip",
                "url": "https://api.github.com/repos/phpstan/phpdoc-parser/zipball/98a088b17966bdf6ee25c8a4b634df313d8aa531",
                "reference": "98a088b17966bdf6ee25c8a4b634df313d8aa531",
                "shasum": ""
            },
            "require": {
                "php": "^7.1 || ^8.0"
            },
            "require-dev": {
                "consistence/coding-standard": "^3.5",
                "ergebnis/composer-normalize": "^2.0.2",
                "jakub-onderka/php-parallel-lint": "^0.9.2",
                "phing/phing": "^2.16.0",
                "phpstan/extension-installer": "^1.0",
                "phpstan/phpstan": "^0.12.26",
                "phpstan/phpstan-strict-rules": "^0.12",
                "phpunit/phpunit": "^6.3",
                "slevomat/coding-standard": "^4.7.2",
                "symfony/process": "^4.0"
            },
            "type": "library",
            "extra": {
                "branch-alias": {
                    "dev-master": "0.4-dev"
                }
            },
            "autoload": {
                "psr-4": {
                    "PHPStan\\PhpDocParser\\": [
                        "src/"
                    ]
                }
            },
            "notification-url": "https://packagist.org/downloads/",
            "license": [
                "MIT"
            ],
            "description": "PHPDoc parser with support for nullable, intersection and generic types",
            "time": "2020-08-03T20:32:43+00:00"
        },
        {
            "name": "slevomat/coding-standard",
            "version": "6.4.1",
            "source": {
                "type": "git",
                "url": "https://github.com/slevomat/coding-standard.git",
                "reference": "696dcca217d0c9da2c40d02731526c1e25b65346"
            },
            "dist": {
                "type": "zip",
                "url": "https://api.github.com/repos/slevomat/coding-standard/zipball/696dcca217d0c9da2c40d02731526c1e25b65346",
                "reference": "696dcca217d0c9da2c40d02731526c1e25b65346",
                "shasum": ""
            },
            "require": {
                "dealerdirect/phpcodesniffer-composer-installer": "^0.6.2 || ^0.7",
                "php": "^7.1 || ^8.0",
                "phpstan/phpdoc-parser": "0.4.5 - 0.4.9",
                "squizlabs/php_codesniffer": "^3.5.6"
            },
            "require-dev": {
                "phing/phing": "2.16.3",
                "php-parallel-lint/php-parallel-lint": "1.2.0",
                "phpstan/phpstan": "0.12.48",
                "phpstan/phpstan-deprecation-rules": "0.12.5",
                "phpstan/phpstan-phpunit": "0.12.16",
                "phpstan/phpstan-strict-rules": "0.12.5",
                "phpunit/phpunit": "7.5.20|8.5.5|9.4.0"
            },
            "type": "phpcodesniffer-standard",
            "extra": {
                "branch-alias": {
                    "dev-master": "6.x-dev"
                }
            },
            "autoload": {
                "psr-4": {
                    "SlevomatCodingStandard\\": "SlevomatCodingStandard"
                }
            },
            "notification-url": "https://packagist.org/downloads/",
            "license": [
                "MIT"
            ],
            "description": "Slevomat Coding Standard for PHP_CodeSniffer complements Consistence Coding Standard by providing sniffs with additional checks.",
            "funding": [
                {
                    "url": "https://github.com/kukulich",
                    "type": "github"
                },
                {
                    "url": "https://tidelift.com/funding/github/packagist/slevomat/coding-standard",
                    "type": "tidelift"
                }
            ],
            "time": "2020-10-05T12:39:37+00:00"
        },
        {
            "name": "squizlabs/php_codesniffer",
            "version": "3.7.2",
            "source": {
                "type": "git",
                "url": "https://github.com/squizlabs/PHP_CodeSniffer.git",
                "reference": "ed8e00df0a83aa96acf703f8c2979ff33341f879"
            },
            "dist": {
                "type": "zip",
                "url": "https://api.github.com/repos/squizlabs/PHP_CodeSniffer/zipball/ed8e00df0a83aa96acf703f8c2979ff33341f879",
                "reference": "ed8e00df0a83aa96acf703f8c2979ff33341f879",
                "shasum": ""
            },
            "require": {
                "ext-simplexml": "*",
                "ext-tokenizer": "*",
                "ext-xmlwriter": "*",
                "php": ">=5.4.0"
            },
            "require-dev": {
                "phpunit/phpunit": "^4.0 || ^5.0 || ^6.0 || ^7.0"
            },
            "bin": [
                "bin/phpcs",
                "bin/phpcbf"
            ],
            "type": "library",
            "extra": {
                "branch-alias": {
                    "dev-master": "3.x-dev"
                }
            },
            "notification-url": "https://packagist.org/downloads/",
            "license": [
                "BSD-3-Clause"
            ],
            "authors": [
                {
                    "name": "Greg Sherwood",
                    "role": "lead"
                }
            ],
            "description": "PHP_CodeSniffer tokenizes PHP, JavaScript and CSS files and detects violations of a defined set of coding standards.",
            "homepage": "https://github.com/squizlabs/PHP_CodeSniffer",
            "keywords": [
                "phpcs",
                "standards",
                "static analysis"
            ],
            "time": "2023-02-22T23:07:41+00:00"
        },
        {
            "name": "wp-coding-standards/wpcs",
            "version": "2.3.0",
            "source": {
                "type": "git",
                "url": "https://github.com/WordPress/WordPress-Coding-Standards.git",
                "reference": "7da1894633f168fe244afc6de00d141f27517b62"
            },
            "dist": {
                "type": "zip",
                "url": "https://api.github.com/repos/WordPress/WordPress-Coding-Standards/zipball/7da1894633f168fe244afc6de00d141f27517b62",
                "reference": "7da1894633f168fe244afc6de00d141f27517b62",
                "shasum": ""
            },
            "require": {
                "php": ">=5.4",
                "squizlabs/php_codesniffer": "^3.3.1"
            },
            "require-dev": {
                "dealerdirect/phpcodesniffer-composer-installer": "^0.5 || ^0.6",
                "phpcompatibility/php-compatibility": "^9.0",
                "phpcsstandards/phpcsdevtools": "^1.0",
                "phpunit/phpunit": "^4.0 || ^5.0 || ^6.0 || ^7.0"
            },
            "suggest": {
                "dealerdirect/phpcodesniffer-composer-installer": "^0.6 || This Composer plugin will sort out the PHPCS 'installed_paths' automatically."
            },
            "type": "phpcodesniffer-standard",
            "notification-url": "https://packagist.org/downloads/",
            "license": [
                "MIT"
            ],
            "authors": [
                {
                    "name": "Contributors",
                    "homepage": "https://github.com/WordPress/WordPress-Coding-Standards/graphs/contributors"
                }
            ],
            "description": "PHP_CodeSniffer rules (sniffs) to enforce WordPress coding conventions",
            "keywords": [
                "phpcs",
                "standards",
                "wordpress"
            ],
            "time": "2020-05-13T23:57:56+00:00"
        }
    ],
    "aliases": [
        {
            "alias": "9.3.5",
            "alias_normalized": "9.3.5.0",
            "version": "dev-develop",
            "package": "phpcompatibility/php-compatibility"
        }
    ],
    "minimum-stability": "stable",
    "stability-flags": {
        "phpcompatibility/php-compatibility": 20
    },
    "prefer-stable": false,
    "prefer-lowest": false,
    "platform": [],
    "platform-dev": [],
    "plugin-api-version": "1.1.0"
}
